
Microsoft Visual Studio Solution File, Format Version 12.00
# Visual Studio Version 17
VisualStudioVersion = 17.1.32421.90
MinimumVisualStudioVersion = 10.0.40219.1
Project("{8BC9CEB8-8B4A-11D0-8D11-00A0C91BC942}") = "Algorithms", "Algorithms.vcxproj", "{A06359CD-354B-4F24-9441-109058DD4992}"
EndProject
Project("{8BC9CEB8-8B4A-11D0-8D11-00A0C91BC942}") = "BucketSort", "..\BucketSort\BucketSort.vcxproj", "{A40932E2-4187-491D-B0F4-C3A77A98494C}"
EndProject
Project("{8BC9CEB8-8B4A-11D0-8D11-00A0C91BC942}") = "HeapSort", "..\HeapSort\HeapSort.vcxproj", "{1B493F11-760B-47DE-9431-44B19D615A47}"
EndProject
Project("{8BC9CEB8-8B4A-11D0-8D11-00A0C91BC942}") = "QuickSort", "..\QuickSort\QuickSort.vcxproj", "{928FC280-F816-4DC8-B770-75D4527BD333}"
EndProject
Project("{8BC9CEB8-8B4A-11D0-8D11-00A0C91BC942}") = "RadixSort", "..\RadixSort\RadixSort.vcxproj", "{4C48CDA3-2D76-4963-B1EF-39AB39AB67F4}"
EndProject
Project("{8BC9CEB8-8B4A-11D0-8D11-00A0C91BC942}") = "MergeSort", "..\MergeSort\MergeSort.vcxproj", "{83EE967B-0D63-448C-B775-4DB111B53F06}"
EndProject
Project("{8BC9CEB8-8B4A-11D0-8D11-00A0C91BC942}") = "BubbleSelectInsertSorts", "..\BubbleSelectInsertSorts\BubbleSelectInsertSorts.vcxproj", "{DCB5E3F7-D4B3-4F51-82BA-E0E2AF9AF3EA}"
EndProject
Project("{8BC9CEB8-8B4A-11D0-8D11-00A0C91BC942}") = "comparing_sorting_algorithms", "..\comparing_sorting_algorithms\comparing_sorting_algorithms.vcxproj", "{7D21F276-7809-476B-9D57-D2DA609ADC6D}"
EndProject
Project("{8BC9CEB8-8B4A-11D0-8D11-00A0C91BC942}") = "Searching", "..\Searching\Searching.vcxproj", "{70EEE1DF-2071-452C-B160-0E28F64D29A0}"
EndProject
Project("{8BC9CEB8-8B4A-11D0-8D11-00A0C91BC942}") = "BFS", "..\BFS\BFS.vcxproj", "{DB024C31-BA33-4C3F-AC21-8AEA47BADC7E}"
EndProject
Project("{8BC9CEB8-8B4A-11D0-8D11-00A0C91BC942}") = "Dijkstra", "..\Dijkstra\Dijkstra.vcxproj", "{E21EB200-7032-4CBC-AED1-82DA4E01DEE5}"
EndProject
Project("{8BC9CEB8-8B4A-11D0-8D11-00A0C91BC942}") = "ShellSort", "..\ShellSort\ShellSort.vcxproj", "{37E772D9-92D9-4D1D-8755-BF5B55920457}"
EndProject
Project("{8BC9CEB8-8B4A-11D0-8D11-00A0C91BC942}") = "ShakerSort", "..\ShakerSort\ShakerSort.vcxproj", "{6023D1A5-8F65-40C6-8B00-5D5D9276F6D3}"
EndProject
Project("{8BC9CEB8-8B4A-11D0-8D11-00A0C91BC942}") = "Stack", "..\Stack\Stack.vcxproj", "{99BBC760-8280-4F95-8571-02F5CB72A4A2}"
EndProject
Project("{8BC9CEB8-8B4A-11D0-8D11-00A0C91BC942}") = "Queue", "..\Queue\Queue.vcxproj", "{D9518D17-D399-4184-8630-F5A9CB36792C}"
EndProject
Project("{8BC9CEB8-8B4A-11D0-8D11-00A0C91BC942}") = "BinaryMaxHeap", "..\BinaryMaxHeap\BinaryMaxHeap.vcxproj", "{33235347-83B4-41E8-960A-29FEF1A4C009}"
EndProject
Project("{8BC9CEB8-8B4A-11D0-8D11-00A0C91BC942}") = "DoubleLinkedList", "..\DoubleLinkedList\DoubleLinkedList.vcxproj", "{D3AFCB48-E964-43FF-9900-EB998B13F33C}"
EndProject
Project("{8BC9CEB8-8B4A-11D0-8D11-00A0C91BC942}") = "BinarySearchTree", "..\BinarySearchTree\BinarySearchTree.vcxproj", "{A7358DFA-AAFB-4ECB-979E-451E438B259C}"
EndProject
Project("{8BC9CEB8-8B4A-11D0-8D11-00A0C91BC942}") = "BinaryTreeTraversals", "..\BinaryTreeTraversals\BinaryTreeTraversals.vcxproj", "{51230894-68EF-4D8A-BEBF-A3215BEEA0E0}"
EndProject
Project("{8BC9CEB8-8B4A-11D0-8D11-00A0C91BC942}") = "Prim", "..\Prim\Prim.vcxproj", "{C485E4E2-B9F0-4213-BE86-97E94F52974C}"
EndProject
Project("{8BC9CEB8-8B4A-11D0-8D11-00A0C91BC942}") = "DSU", "..\DSU\DSU.vcxproj", "{D146644B-794D-48E8-B768-4CA5CC0E41EC}"
EndProject
Project("{8BC9CEB8-8B4A-11D0-8D11-00A0C91BC942}") = "Kruskal", "..\Kruskal\Kruskal.vcxproj", "{86811039-F8BD-4C17-8240-F6623A8FFBE9}"
EndProject
Project("{8BC9CEB8-8B4A-11D0-8D11-00A0C91BC942}") = "Huffman", "..\Huffman\Huffman.vcxproj", "{07E23977-A49B-4202-8394-844520C63798}"
EndProject
Project("{8BC9CEB8-8B4A-11D0-8D11-00A0C91BC942}") = "BubbleSort", "..\BubbleSort\BubbleSort.vcxproj", "{A815C814-2B71-45A9-8AF4-00590819382A}"
EndProject
Project("{8BC9CEB8-8B4A-11D0-8D11-00A0C91BC942}") = "SelectionSort", "..\SelectionSort\SelectionSort.vcxproj", "{A1B1F84A-7D11-416B-A0CF-139F2CF02D11}"
EndProject
Project("{8BC9CEB8-8B4A-11D0-8D11-00A0C91BC942}") = "InterpolationSearch", "..\InterpolationSearch\InterpolationSearch.vcxproj", "{83ACC457-D958-48CC-BF5A-1B789575C4A2}"
EndProject
Project("{8BC9CEB8-8B4A-11D0-8D11-00A0C91BC942}") = "ExponentialSearch", "..\ExponentialSearch\ExponentialSearch.vcxproj", "{B7A93EC0-E1D6-4D9C-9680-38ADC1FCFF56}"
EndProject
Global
	GlobalSection(SolutionConfigurationPlatforms) = preSolution
		Debug|x64 = Debug|x64
		Debug|x86 = Debug|x86
		Release|x64 = Release|x64
		Release|x86 = Release|x86
	EndGlobalSection
	GlobalSection(ProjectConfigurationPlatforms) = postSolution
		{A06359CD-354B-4F24-9441-109058DD4992}.Debug|x64.ActiveCfg = Debug|x64
		{A06359CD-354B-4F24-9441-109058DD4992}.Debug|x64.Build.0 = Debug|x64
		{A06359CD-354B-4F24-9441-109058DD4992}.Debug|x86.ActiveCfg = Debug|Win32
		{A06359CD-354B-4F24-9441-109058DD4992}.Debug|x86.Build.0 = Debug|Win32
		{A06359CD-354B-4F24-9441-109058DD4992}.Release|x64.ActiveCfg = Release|x64
		{A06359CD-354B-4F24-9441-109058DD4992}.Release|x64.Build.0 = Release|x64
		{A06359CD-354B-4F24-9441-109058DD4992}.Release|x86.ActiveCfg = Release|Win32
		{A06359CD-354B-4F24-9441-109058DD4992}.Release|x86.Build.0 = Release|Win32
		{A40932E2-4187-491D-B0F4-C3A77A98494C}.Debug|x64.ActiveCfg = Debug|x64
		{A40932E2-4187-491D-B0F4-C3A77A98494C}.Debug|x64.Build.0 = Debug|x64
		{A40932E2-4187-491D-B0F4-C3A77A98494C}.Debug|x86.ActiveCfg = Debug|Win32
		{A40932E2-4187-491D-B0F4-C3A77A98494C}.Debug|x86.Build.0 = Debug|Win32
		{A40932E2-4187-491D-B0F4-C3A77A98494C}.Release|x64.ActiveCfg = Release|x64
		{A40932E2-4187-491D-B0F4-C3A77A98494C}.Release|x64.Build.0 = Release|x64
		{A40932E2-4187-491D-B0F4-C3A77A98494C}.Release|x86.ActiveCfg = Release|Win32
		{A40932E2-4187-491D-B0F4-C3A77A98494C}.Release|x86.Build.0 = Release|Win32
		{1B493F11-760B-47DE-9431-44B19D615A47}.Debug|x64.ActiveCfg = Debug|x64
		{1B493F11-760B-47DE-9431-44B19D615A47}.Debug|x64.Build.0 = Debug|x64
		{1B493F11-760B-47DE-9431-44B19D615A47}.Debug|x86.ActiveCfg = Debug|Win32
		{1B493F11-760B-47DE-9431-44B19D615A47}.Debug|x86.Build.0 = Debug|Win32
		{1B493F11-760B-47DE-9431-44B19D615A47}.Release|x64.ActiveCfg = Release|x64
		{1B493F11-760B-47DE-9431-44B19D615A47}.Release|x64.Build.0 = Release|x64
		{1B493F11-760B-47DE-9431-44B19D615A47}.Release|x86.ActiveCfg = Release|Win32
		{1B493F11-760B-47DE-9431-44B19D615A47}.Release|x86.Build.0 = Release|Win32
		{928FC280-F816-4DC8-B770-75D4527BD333}.Debug|x64.ActiveCfg = Debug|x64
		{928FC280-F816-4DC8-B770-75D4527BD333}.Debug|x64.Build.0 = Debug|x64
		{928FC280-F816-4DC8-B770-75D4527BD333}.Debug|x86.ActiveCfg = Debug|Win32
		{928FC280-F816-4DC8-B770-75D4527BD333}.Debug|x86.Build.0 = Debug|Win32
		{928FC280-F816-4DC8-B770-75D4527BD333}.Release|x64.ActiveCfg = Release|x64
		{928FC280-F816-4DC8-B770-75D4527BD333}.Release|x64.Build.0 = Release|x64
		{928FC280-F816-4DC8-B770-75D4527BD333}.Release|x86.ActiveCfg = Release|Win32
		{928FC280-F816-4DC8-B770-75D4527BD333}.Release|x86.Build.0 = Release|Win32
		{4C48CDA3-2D76-4963-B1EF-39AB39AB67F4}.Debug|x64.ActiveCfg = Debug|x64
		{4C48CDA3-2D76-4963-B1EF-39AB39AB67F4}.Debug|x64.Build.0 = Debug|x64
		{4C48CDA3-2D76-4963-B1EF-39AB39AB67F4}.Debug|x86.ActiveCfg = Debug|Win32
		{4C48CDA3-2D76-4963-B1EF-39AB39AB67F4}.Debug|x86.Build.0 = Debug|Win32
		{4C48CDA3-2D76-4963-B1EF-39AB39AB67F4}.Release|x64.ActiveCfg = Release|x64
		{4C48CDA3-2D76-4963-B1EF-39AB39AB67F4}.Release|x64.Build.0 = Release|x64
		{4C48CDA3-2D76-4963-B1EF-39AB39AB67F4}.Release|x86.ActiveCfg = Release|Win32
		{4C48CDA3-2D76-4963-B1EF-39AB39AB67F4}.Release|x86.Build.0 = Release|Win32
		{83EE967B-0D63-448C-B775-4DB111B53F06}.Debug|x64.ActiveCfg = Debug|x64
		{83EE967B-0D63-448C-B775-4DB111B53F06}.Debug|x64.Build.0 = Debug|x64
		{83EE967B-0D63-448C-B775-4DB111B53F06}.Debug|x86.ActiveCfg = Debug|Win32
		{83EE967B-0D63-448C-B775-4DB111B53F06}.Debug|x86.Build.0 = Debug|Win32
		{83EE967B-0D63-448C-B775-4DB111B53F06}.Release|x64.ActiveCfg = Release|x64
		{83EE967B-0D63-448C-B775-4DB111B53F06}.Release|x64.Build.0 = Release|x64
		{83EE967B-0D63-448C-B775-4DB111B53F06}.Release|x86.ActiveCfg = Release|Win32
		{83EE967B-0D63-448C-B775-4DB111B53F06}.Release|x86.Build.0 = Release|Win32
		{DCB5E3F7-D4B3-4F51-82BA-E0E2AF9AF3EA}.Debug|x64.ActiveCfg = Debug|x64
		{DCB5E3F7-D4B3-4F51-82BA-E0E2AF9AF3EA}.Debug|x64.Build.0 = Debug|x64
		{DCB5E3F7-D4B3-4F51-82BA-E0E2AF9AF3EA}.Debug|x86.ActiveCfg = Debug|Win32
		{DCB5E3F7-D4B3-4F51-82BA-E0E2AF9AF3EA}.Debug|x86.Build.0 = Debug|Win32
		{DCB5E3F7-D4B3-4F51-82BA-E0E2AF9AF3EA}.Release|x64.ActiveCfg = Release|x64
		{DCB5E3F7-D4B3-4F51-82BA-E0E2AF9AF3EA}.Release|x64.Build.0 = Release|x64
		{DCB5E3F7-D4B3-4F51-82BA-E0E2AF9AF3EA}.Release|x86.ActiveCfg = Release|Win32
		{DCB5E3F7-D4B3-4F51-82BA-E0E2AF9AF3EA}.Release|x86.Build.0 = Release|Win32
		{7D21F276-7809-476B-9D57-D2DA609ADC6D}.Debug|x64.ActiveCfg = Debug|x64
		{7D21F276-7809-476B-9D57-D2DA609ADC6D}.Debug|x64.Build.0 = Debug|x64
		{7D21F276-7809-476B-9D57-D2DA609ADC6D}.Debug|x86.ActiveCfg = Debug|Win32
		{7D21F276-7809-476B-9D57-D2DA609ADC6D}.Debug|x86.Build.0 = Debug|Win32
		{7D21F276-7809-476B-9D57-D2DA609ADC6D}.Release|x64.ActiveCfg = Release|x64
		{7D21F276-7809-476B-9D57-D2DA609ADC6D}.Release|x64.Build.0 = Release|x64
		{7D21F276-7809-476B-9D57-D2DA609ADC6D}.Release|x86.ActiveCfg = Release|Win32
		{7D21F276-7809-476B-9D57-D2DA609ADC6D}.Release|x86.Build.0 = Release|Win32
		{70EEE1DF-2071-452C-B160-0E28F64D29A0}.Debug|x64.ActiveCfg = Debug|x64
		{70EEE1DF-2071-452C-B160-0E28F64D29A0}.Debug|x64.Build.0 = Debug|x64
		{70EEE1DF-2071-452C-B160-0E28F64D29A0}.Debug|x86.ActiveCfg = Debug|Win32
		{70EEE1DF-2071-452C-B160-0E28F64D29A0}.Debug|x86.Build.0 = Debug|Win32
		{70EEE1DF-2071-452C-B160-0E28F64D29A0}.Release|x64.ActiveCfg = Release|x64
		{70EEE1DF-2071-452C-B160-0E28F64D29A0}.Release|x64.Build.0 = Release|x64
		{70EEE1DF-2071-452C-B160-0E28F64D29A0}.Release|x86.ActiveCfg = Release|Win32
		{70EEE1DF-2071-452C-B160-0E28F64D29A0}.Release|x86.Build.0 = Release|Win32
		{DB024C31-BA33-4C3F-AC21-8AEA47BADC7E}.Debug|x64.ActiveCfg = Debug|x64
		{DB024C31-BA33-4C3F-AC21-8AEA47BADC7E}.Debug|x64.Build.0 = Debug|x64
		{DB024C31-BA33-4C3F-AC21-8AEA47BADC7E}.Debug|x86.ActiveCfg = Debug|Win32
		{DB024C31-BA33-4C3F-AC21-8AEA47BADC7E}.Debug|x86.Build.0 = Debug|Win32
		{DB024C31-BA33-4C3F-AC21-8AEA47BADC7E}.Release|x64.ActiveCfg = Release|x64
		{DB024C31-BA33-4C3F-AC21-8AEA47BADC7E}.Release|x64.Build.0 = Release|x64
		{DB024C31-BA33-4C3F-AC21-8AEA47BADC7E}.Release|x86.ActiveCfg = Release|Win32
		{DB024C31-BA33-4C3F-AC21-8AEA47BADC7E}.Release|x86.Build.0 = Release|Win32
		{E21EB200-7032-4CBC-AED1-82DA4E01DEE5}.Debug|x64.ActiveCfg = Debug|x64
		{E21EB200-7032-4CBC-AED1-82DA4E01DEE5}.Debug|x64.Build.0 = Debug|x64
		{E21EB200-7032-4CBC-AED1-82DA4E01DEE5}.Debug|x86.ActiveCfg = Debug|Win32
		{E21EB200-7032-4CBC-AED1-82DA4E01DEE5}.Debug|x86.Build.0 = Debug|Win32
		{E21EB200-7032-4CBC-AED1-82DA4E01DEE5}.Release|x64.ActiveCfg = Release|x64
		{E21EB200-7032-4CBC-AED1-82DA4E01DEE5}.Release|x64.Build.0 = Release|x64
		{E21EB200-7032-4CBC-AED1-82DA4E01DEE5}.Release|x86.ActiveCfg = Release|Win32
		{E21EB200-7032-4CBC-AED1-82DA4E01DEE5}.Release|x86.Build.0 = Release|Win32
		{37E772D9-92D9-4D1D-8755-BF5B55920457}.Debug|x64.ActiveCfg = Debug|x64
		{37E772D9-92D9-4D1D-8755-BF5B55920457}.Debug|x64.Build.0 = Debug|x64
		{37E772D9-92D9-4D1D-8755-BF5B55920457}.Debug|x86.ActiveCfg = Debug|Win32
		{37E772D9-92D9-4D1D-8755-BF5B55920457}.Debug|x86.Build.0 = Debug|Win32
		{37E772D9-92D9-4D1D-8755-BF5B55920457}.Release|x64.ActiveCfg = Release|x64
		{37E772D9-92D9-4D1D-8755-BF5B55920457}.Release|x64.Build.0 = Release|x64
		{37E772D9-92D9-4D1D-8755-BF5B55920457}.Release|x86.ActiveCfg = Release|Win32
		{37E772D9-92D9-4D1D-8755-BF5B55920457}.Release|x86.Build.0 = Release|Win32
		{6023D1A5-8F65-40C6-8B00-5D5D9276F6D3}.Debug|x64.ActiveCfg = Debug|x64
		{6023D1A5-8F65-40C6-8B00-5D5D9276F6D3}.Debug|x64.Build.0 = Debug|x64
		{6023D1A5-8F65-40C6-8B00-5D5D9276F6D3}.Debug|x86.ActiveCfg = Debug|Win32
		{6023D1A5-8F65-40C6-8B00-5D5D9276F6D3}.Debug|x86.Build.0 = Debug|Win32
		{6023D1A5-8F65-40C6-8B00-5D5D9276F6D3}.Release|x64.ActiveCfg = Release|x64
		{6023D1A5-8F65-40C6-8B00-5D5D9276F6D3}.Release|x64.Build.0 = Release|x64
		{6023D1A5-8F65-40C6-8B00-5D5D9276F6D3}.Release|x86.ActiveCfg = Release|Win32
		{6023D1A5-8F65-40C6-8B00-5D5D9276F6D3}.Release|x86.Build.0 = Release|Win32
		{99BBC760-8280-4F95-8571-02F5CB72A4A2}.Debug|x64.ActiveCfg = Debug|x64
		{99BBC760-8280-4F95-8571-02F5CB72A4A2}.Debug|x64.Build.0 = Debug|x64
		{99BBC760-8280-4F95-8571-02F5CB72A4A2}.Debug|x86.ActiveCfg = Debug|Win32
		{99BBC760-8280-4F95-8571-02F5CB72A4A2}.Debug|x86.Build.0 = Debug|Win32
		{99BBC760-8280-4F95-8571-02F5CB72A4A2}.Release|x64.ActiveCfg = Release|x64
		{99BBC760-8280-4F95-8571-02F5CB72A4A2}.Release|x64.Build.0 = Release|x64
		{99BBC760-8280-4F95-8571-02F5CB72A4A2}.Release|x86.ActiveCfg = Release|Win32
		{99BBC760-8280-4F95-8571-02F5CB72A4A2}.Release|x86.Build.0 = Release|Win32
		{D9518D17-D399-4184-8630-F5A9CB36792C}.Debug|x64.ActiveCfg = Debug|x64
		{D9518D17-D399-4184-8630-F5A9CB36792C}.Debug|x64.Build.0 = Debug|x64
		{D9518D17-D399-4184-8630-F5A9CB36792C}.Debug|x86.ActiveCfg = Debug|Win32
		{D9518D17-D399-4184-8630-F5A9CB36792C}.Debug|x86.Build.0 = Debug|Win32
		{D9518D17-D399-4184-8630-F5A9CB36792C}.Release|x64.ActiveCfg = Release|x64
		{D9518D17-D399-4184-8630-F5A9CB36792C}.Release|x64.Build.0 = Release|x64
		{D9518D17-D399-4184-8630-F5A9CB36792C}.Release|x86.ActiveCfg = Release|Win32
		{D9518D17-D399-4184-8630-F5A9CB36792C}.Release|x86.Build.0 = Release|Win32
		{33235347-83B4-41E8-960A-29FEF1A4C009}.Debug|x64.ActiveCfg = Debug|x64
		{33235347-83B4-41E8-960A-29FEF1A4C009}.Debug|x64.Build.0 = Debug|x64
		{33235347-83B4-41E8-960A-29FEF1A4C009}.Debug|x86.ActiveCfg = Debug|Win32
		{33235347-83B4-41E8-960A-29FEF1A4C009}.Debug|x86.Build.0 = Debug|Win32
		{33235347-83B4-41E8-960A-29FEF1A4C009}.Release|x64.ActiveCfg = Release|x64
		{33235347-83B4-41E8-960A-29FEF1A4C009}.Release|x64.Build.0 = Release|x64
		{33235347-83B4-41E8-960A-29FEF1A4C009}.Release|x86.ActiveCfg = Release|Win32
		{33235347-83B4-41E8-960A-29FEF1A4C009}.Release|x86.Build.0 = Release|Win32
		{D3AFCB48-E964-43FF-9900-EB998B13F33C}.Debug|x64.ActiveCfg = Debug|x64
		{D3AFCB48-E964-43FF-9900-EB998B13F33C}.Debug|x64.Build.0 = Debug|x64
		{D3AFCB48-E964-43FF-9900-EB998B13F33C}.Debug|x86.ActiveCfg = Debug|Win32
		{D3AFCB48-E964-43FF-9900-EB998B13F33C}.Debug|x86.Build.0 = Debug|Win32
		{D3AFCB48-E964-43FF-9900-EB998B13F33C}.Release|x64.ActiveCfg = Release|x64
		{D3AFCB48-E964-43FF-9900-EB998B13F33C}.Release|x64.Build.0 = Release|x64
		{D3AFCB48-E964-43FF-9900-EB998B13F33C}.Release|x86.ActiveCfg = Release|Win32
		{D3AFCB48-E964-43FF-9900-EB998B13F33C}.Release|x86.Build.0 = Release|Win32
		{A7358DFA-AAFB-4ECB-979E-451E438B259C}.Debug|x64.ActiveCfg = Debug|x64
		{A7358DFA-AAFB-4ECB-979E-451E438B259C}.Debug|x64.Build.0 = Debug|x64
		{A7358DFA-AAFB-4ECB-979E-451E438B259C}.Debug|x86.ActiveCfg = Debug|Win32
		{A7358DFA-AAFB-4ECB-979E-451E438B259C}.Debug|x86.Build.0 = Debug|Win32
		{A7358DFA-AAFB-4ECB-979E-451E438B259C}.Release|x64.ActiveCfg = Release|x64
		{A7358DFA-AAFB-4ECB-979E-451E438B259C}.Release|x64.Build.0 = Release|x64
		{A7358DFA-AAFB-4ECB-979E-451E438B259C}.Release|x86.ActiveCfg = Release|Win32
		{A7358DFA-AAFB-4ECB-979E-451E438B259C}.Release|x86.Build.0 = Release|Win32
		{51230894-68EF-4D8A-BEBF-A3215BEEA0E0}.Debug|x64.ActiveCfg = Debug|x64
		{51230894-68EF-4D8A-BEBF-A3215BEEA0E0}.Debug|x64.Build.0 = Debug|x64
		{51230894-68EF-4D8A-BEBF-A3215BEEA0E0}.Debug|x86.ActiveCfg = Debug|Win32
		{51230894-68EF-4D8A-BEBF-A3215BEEA0E0}.Debug|x86.Build.0 = Debug|Win32
		{51230894-68EF-4D8A-BEBF-A3215BEEA0E0}.Release|x64.ActiveCfg = Release|x64
		{51230894-68EF-4D8A-BEBF-A3215BEEA0E0}.Release|x64.Build.0 = Release|x64
		{51230894-68EF-4D8A-BEBF-A3215BEEA0E0}.Release|x86.ActiveCfg = Release|Win32
		{51230894-68EF-4D8A-BEBF-A3215BEEA0E0}.Release|x86.Build.0 = Release|Win32
		{C485E4E2-B9F0-4213-BE86-97E94F52974C}.Debug|x64.ActiveCfg = Debug|x64
		{C485E4E2-B9F0-4213-BE86-97E94F52974C}.Debug|x64.Build.0 = Debug|x64
		{C485E4E2-B9F0-4213-BE86-97E94F52974C}.Debug|x86.ActiveCfg = Debug|Win32
		{C485E4E2-B9F0-4213-BE86-97E94F52974C}.Debug|x86.Build.0 = Debug|Win32
		{C485E4E2-B9F0-4213-BE86-97E94F52974C}.Release|x64.ActiveCfg = Release|x64
		{C485E4E2-B9F0-4213-BE86-97E94F52974C}.Release|x64.Build.0 = Release|x64
		{C485E4E2-B9F0-4213-BE86-97E94F52974C}.Release|x86.ActiveCfg = Release|Win32
		{C485E4E2-B9F0-4213-BE86-97E94F52974C}.Release|x86.Build.0 = Release|Win32
		{D146644B-794D-48E8-B768-4CA5CC0E41EC}.Debug|x64.ActiveCfg = Debug|x64
		{D146644B-794D-48E8-B768-4CA5CC0E41EC}.Debug|x64.Build.0 = Debug|x64
		{D146644B-794D-48E8-B768-4CA5CC0E41EC}.Debug|x86.ActiveCfg = Debug|Win32
		{D146644B-794D-48E8-B768-4CA5CC0E41EC}.Debug|x86.Build.0 = Debug|Win32
		{D146644B-794D-48E8-B768-4CA5CC0E41EC}.Release|x64.ActiveCfg = Release|x64
		{D146644B-794D-48E8-B768-4CA5CC0E41EC}.Release|x64.Build.0 = Release|x64
		{D146644B-794D-48E8-B768-4CA5CC0E41EC}.Release|x86.ActiveCfg = Release|Win32
		{D146644B-794D-48E8-B768-4CA5CC0E41EC}.Release|x86.Build.0 = Release|Win32
		{86811039-F8BD-4C17-8240-F6623A8FFBE9}.Debug|x64.ActiveCfg = Debug|x64
		{86811039-F8BD-4C17-8240-F6623A8FFBE9}.Debug|x64.Build.0 = Debug|x64
		{86811039-F8BD-4C17-8240-F6623A8FFBE9}.Debug|x86.ActiveCfg = Debug|Win32
		{86811039-F8BD-4C17-8240-F6623A8FFBE9}.Debug|x86.Build.0 = Debug|Win32
		{86811039-F8BD-4C17-8240-F6623A8FFBE9}.Release|x64.ActiveCfg = Release|x64
		{86811039-F8BD-4C17-8240-F6623A8FFBE9}.Release|x64.Build.0 = Release|x64
		{86811039-F8BD-4C17-8240-F6623A8FFBE9}.Release|x86.ActiveCfg = Release|Win32
		{86811039-F8BD-4C17-8240-F6623A8FFBE9}.Release|x86.Build.0 = Release|Win32
		{07E23977-A49B-4202-8394-844520C63798}.Debug|x64.ActiveCfg = Debug|x64
		{07E23977-A49B-4202-8394-844520C63798}.Debug|x64.Build.0 = Debug|x64
		{07E23977-A49B-4202-8394-844520C63798}.Debug|x86.ActiveCfg = Debug|Win32
		{07E23977-A49B-4202-8394-844520C63798}.Debug|x86.Build.0 = Debug|Win32
		{07E23977-A49B-4202-8394-844520C63798}.Release|x64.ActiveCfg = Release|x64
		{07E23977-A49B-4202-8394-844520C63798}.Release|x64.Build.0 = Release|x64
		{07E23977-A49B-4202-8394-844520C63798}.Release|x86.ActiveCfg = Release|Win32
		{07E23977-A49B-4202-8394-844520C63798}.Release|x86.Build.0 = Release|Win32
		{A815C814-2B71-45A9-8AF4-00590819382A}.Debug|x64.ActiveCfg = Debug|x64
		{A815C814-2B71-45A9-8AF4-00590819382A}.Debug|x64.Build.0 = Debug|x64
		{A815C814-2B71-45A9-8AF4-00590819382A}.Debug|x86.ActiveCfg = Debug|Win32
		{A815C814-2B71-45A9-8AF4-00590819382A}.Debug|x86.Build.0 = Debug|Win32
		{A815C814-2B71-45A9-8AF4-00590819382A}.Release|x64.ActiveCfg = Release|x64
		{A815C814-2B71-45A9-8AF4-00590819382A}.Release|x64.Build.0 = Release|x64
		{A815C814-2B71-45A9-8AF4-00590819382A}.Release|x86.ActiveCfg = Release|Win32
		{A815C814-2B71-45A9-8AF4-00590819382A}.Release|x86.Build.0 = Release|Win32
		{A1B1F84A-7D11-416B-A0CF-139F2CF02D11}.Debug|x64.ActiveCfg = Debug|x64
		{A1B1F84A-7D11-416B-A0CF-139F2CF02D11}.Debug|x64.Build.0 = Debug|x64
		{A1B1F84A-7D11-416B-A0CF-139F2CF02D11}.Debug|x86.ActiveCfg = Debug|Win32
		{A1B1F84A-7D11-416B-A0CF-139F2CF02D11}.Debug|x86.Build.0 = Debug|Win32
		{A1B1F84A-7D11-416B-A0CF-139F2CF02D11}.Release|x64.ActiveCfg = Release|x64
		{A1B1F84A-7D11-416B-A0CF-139F2CF02D11}.Release|x64.Build.0 = Release|x64
		{A1B1F84A-7D11-416B-A0CF-139F2CF02D11}.Release|x86.ActiveCfg = Release|Win32
		{A1B1F84A-7D11-416B-A0CF-139F2CF02D11}.Release|x86.Build.0 = Release|Win32
		{83ACC457-D958-48CC-BF5A-1B789575C4A2}.Debug|x64.ActiveCfg = Debug|x64
		{83ACC457-D958-48CC-BF5A-1B789575C4A2}.Debug|x64.Build.0 = Debug|x64
		{83ACC457-D958-48CC-BF5A-1B789575C4A2}.Debug|x86.ActiveCfg = Debug|Win32
		{83ACC457-D958-48CC-BF5A-1B789575C4A2}.Debug|x86.Build.0 = Debug|Win32
		{83ACC457-D958-48CC-BF5A-1B789575C4A2}.Release|x64.ActiveCfg = Release|x64
		{83ACC457-D958-48CC-BF5A-1B789575C4A2}.Release|x64.Build.0 = Release|x64
		{83ACC457-D958-48CC-BF5A-1B789575C4A2}.Release|x86.ActiveCfg = Release|Win32
		{83ACC457-D958-48CC-BF5A-1B789575C4A2}.Release|x86.Build.0 = Release|Win32
		{B7A93EC0-E1D6-4D9C-9680-38ADC1FCFF56}.Debug|x64.ActiveCfg = Debug|x64
		{B7A93EC0-E1D6-4D9C-9680-38ADC1FCFF56}.Debug|x64.Build.0 = Debug|x64
		{B7A93EC0-E1D6-4D9C-9680-38ADC1FCFF56}.Debug|x86.ActiveCfg = Debug|Win32
		{B7A93EC0-E1D6-4D9C-9680-38ADC1FCFF56}.Debug|x86.Build.0 = Debug|Win32
		{B7A93EC0-E1D6-4D9C-9680-38ADC1FCFF56}.Release|x64.ActiveCfg = Release|x64
		{B7A93EC0-E1D6-4D9C-9680-38ADC1FCFF56}.Release|x64.Build.0 = Release|x64
		{B7A93EC0-E1D6-4D9C-9680-38ADC1FCFF56}.Release|x86.ActiveCfg = Release|Win32
		{B7A93EC0-E1D6-4D9C-9680-38ADC1FCFF56}.Release|x86.Build.0 = Release|Win32
	EndGlobalSection
	GlobalSection(SolutionProperties) = preSolution
		HideSolutionNode = FALSE
	EndGlobalSection
	GlobalSection(ExtensibilityGlobals) = postSolution
		SolutionGuid = {1CE9B62C-EAAD-4DC7-B164-A6C908AC2B22}
	EndGlobalSection
EndGlobal
